
Microsoft Visual Studio Solution File, Format Version 12.00
# Visual Studio Version 17
VisualStudioVersion = 17.0.31903.59
MinimumVisualStudioVersion = 10.0.40219.1
Project("{9A19103F-16F7-4668-BE54-9A1E7A4F7556}") = "AheadOfTime", "demo1-using-openapi\AheadOfTime\AheadOfTime.csproj", "{E9B4E433-6500-4E09-9F61-C5516C91D94C}"
EndProject
Project("{FAE04EC0-301F-11D3-BF4B-00C04F79EFBC}") = "OpenApiInDotnet8", "demo1-using-openapi\OpenApiInDotnet8\OpenApiInDotnet8.csproj", "{21009D07-ACCC-46A3-83DA-2E4A23BBEE54}"
EndProject
Project("{FAE04EC0-301F-11D3-BF4B-00C04F79EFBC}") = "MinimalApiDotnet9", "demo1-using-openapi\MinimalApiDotnet9\MinimalApiDotnet9.csproj", "{BC1712C5-DB7A-41EC-96E1-7A0BA33E2458}"
EndProject
Project("{FAE04EC0-301F-11D3-BF4B-00C04F79EFBC}") = "ControllersDotnet9", "demo1-using-openapi\ControllersDotnet9\ControllersDotnet9.csproj", "{3AFF47B8-7A48-43B8-B105-21A62F6CB9BC}"
EndProject
Project("{2150E333-8FDC-42A3-9474-1A3956D46DE8}") = "Demo1", "Demo1", "{AFEB7556-C771-4557-9A55-697046BD8E38}"
EndProject
Project("{2150E333-8FDC-42A3-9474-1A3956D46DE8}") = "Demo2", "Demo2", "{0CFCFE71-17E1-4404-B443-094A28A15F7E}"
EndProject
Project("{FAE04EC0-301F-11D3-BF4B-00C04F79EFBC}") = "BuildTimeOpenApiDocumentGeneration", "demo2-customizing-and-build-time-openapi\BuildTimeOpenApiDocumentGeneration\BuildTimeOpenApiDocumentGeneration.csproj", "{1771DCEB-B418-419F-89BC-D0D2FC7C3901}"
EndProject
Project("{FAE04EC0-301F-11D3-BF4B-00C04F79EFBC}") = "CustomizingOpenApi", "demo2-customizing-and-build-time-openapi\CustomizingOpenApi\CustomizingOpenApi.csproj", "{BED57ECB-6DBB-4542-95C9-33B80EB1AD6E}"
EndProject
Project("{2150E333-8FDC-42A3-9474-1A3956D46DE8}") = "Playground", "Playground", "{9A1F413A-6682-4711-85A2-BE38B2807277}"
EndProject
Global
	GlobalSection(SolutionConfigurationPlatforms) = preSolution
		Debug|Any CPU = Debug|Any CPU
		Release|Any CPU = Release|Any CPU
	EndGlobalSection
	GlobalSection(ProjectConfigurationPlatforms) = postSolution
		{E9B4E433-6500-4E09-9F61-C5516C91D94C}.Debug|Any CPU.ActiveCfg = Debug|Any CPU
		{E9B4E433-6500-4E09-9F61-C5516C91D94C}.Debug|Any CPU.Build.0 = Debug|Any CPU
		{E9B4E433-6500-4E09-9F61-C5516C91D94C}.Release|Any CPU.ActiveCfg = Release|Any CPU
		{E9B4E433-6500-4E09-9F61-C5516C91D94C}.Release|Any CPU.Build.0 = Release|Any CPU
		{21009D07-ACCC-46A3-83DA-2E4A23BBEE54}.Debug|Any CPU.ActiveCfg = Debug|Any CPU
		{21009D07-ACCC-46A3-83DA-2E4A23BBEE54}.Debug|Any CPU.Build.0 = Debug|Any CPU
		{21009D07-ACCC-46A3-83DA-2E4A23BBEE54}.Release|Any CPU.ActiveCfg = Release|Any CPU
		{21009D07-ACCC-46A3-83DA-2E4A23BBEE54}.Release|Any CPU.Build.0 = Release|Any CPU
		{BC1712C5-DB7A-41EC-96E1-7A0BA33E2458}.Debug|Any CPU.ActiveCfg = Debug|Any CPU
		{BC1712C5-DB7A-41EC-96E1-7A0BA33E2458}.Debug|Any CPU.Build.0 = Debug|Any CPU
		{BC1712C5-DB7A-41EC-96E1-7A0BA33E2458}.Release|Any CPU.ActiveCfg = Release|Any CPU
		{BC1712C5-DB7A-41EC-96E1-7A0BA33E2458}.Release|Any CPU.Build.0 = Release|Any CPU
		{3AFF47B8-7A48-43B8-B105-21A62F6CB9BC}.Debug|Any CPU.ActiveCfg = Debug|Any CPU
		{3AFF47B8-7A48-43B8-B105-21A62F6CB9BC}.Debug|Any CPU.Build.0 = Debug|Any CPU
		{3AFF47B8-7A48-43B8-B105-21A62F6CB9BC}.Release|Any CPU.ActiveCfg = Release|Any CPU
		{3AFF47B8-7A48-43B8-B105-21A62F6CB9BC}.Release|Any CPU.Build.0 = Release|Any CPU
		{1771DCEB-B418-419F-89BC-D0D2FC7C3901}.Debug|Any CPU.ActiveCfg = Debug|Any CPU
		{1771DCEB-B418-419F-89BC-D0D2FC7C3901}.Debug|Any CPU.Build.0 = Debug|Any CPU
		{1771DCEB-B418-419F-89BC-D0D2FC7C3901}.Release|Any CPU.ActiveCfg = Release|Any CPU
		{1771DCEB-B418-419F-89BC-D0D2FC7C3901}.Release|Any CPU.Build.0 = Release|Any CPU
		{BED57ECB-6DBB-4542-95C9-33B80EB1AD6E}.Debug|Any CPU.ActiveCfg = Debug|Any CPU
		{BED57ECB-6DBB-4542-95C9-33B80EB1AD6E}.Debug|Any CPU.Build.0 = Debug|Any CPU
		{BED57ECB-6DBB-4542-95C9-33B80EB1AD6E}.Release|Any CPU.ActiveCfg = Release|Any CPU
		{BED57ECB-6DBB-4542-95C9-33B80EB1AD6E}.Release|Any CPU.Build.0 = Release|Any CPU
	EndGlobalSection
	GlobalSection(SolutionProperties) = preSolution
		HideSolutionNode = FALSE
	EndGlobalSection
	GlobalSection(NestedProjects) = preSolution
		{E9B4E433-6500-4E09-9F61-C5516C91D94C} = {AFEB7556-C771-4557-9A55-697046BD8E38}
		{21009D07-ACCC-46A3-83DA-2E4A23BBEE54} = {AFEB7556-C771-4557-9A55-697046BD8E38}
		{BC1712C5-DB7A-41EC-96E1-7A0BA33E2458} = {AFEB7556-C771-4557-9A55-697046BD8E38}
		{3AFF47B8-7A48-43B8-B105-21A62F6CB9BC} = {AFEB7556-C771-4557-9A55-697046BD8E38}
		{1771DCEB-B418-419F-89BC-D0D2FC7C3901} = {0CFCFE71-17E1-4404-B443-094A28A15F7E}
		{BED57ECB-6DBB-4542-95C9-33B80EB1AD6E} = {0CFCFE71-17E1-4404-B443-094A28A15F7E}
	EndGlobalSection
EndGlobal
